{
  "pins" : [
    {
      "identity" : "flowstacks",
      "kind" : "remoteSourceControl",
      "location" : "https://github.com/johnpatrickmorgan/FlowStacks",
      "state" : {
        "revision" : "a2b974b81612e1e8ee3ecd757d936a2919527356",
        "version" : "0.4.1"
      }
    },
    {
      "identity" : "swiftcsv",
      "kind" : "remoteSourceControl",
      "location" : "https://github.com/swiftcsv/SwiftCSV.git",
      "state" : {
        "revision" : "b61dcd1b2b1120e751cee4cd64a16ff10364885d",
        "version" : "0.9.1"
      }
    }
  ],
  "version" : 2
}
